// !$*UTF8*$!
{
	archiveVersion = 1;
	classes = {
	};
	objectVersion = 46;
	objects = {

/* Begin PBXBuildFile section */
		6484A6521C74675F004909CB /* main.m in Sources */ = {isa = PBXBuildFile; fileRef = 6484A6511C74675F004909CB /* main.m */; };
		6484A6551C74675F004909CB /* AppDelegate.m in Sources */ = {isa = PBXBuildFile; fileRef = 6484A6541C74675F004909CB /* AppDelegate.m */; };
		6484A6581C74675F004909CB /* ViewController.m in Sources */ = {isa = PBXBuildFile; fileRef = 6484A6571C74675F004909CB /* ViewController.m */; };
		6484A65B1C74675F004909CB /* Main.storyboard in Resources */ = {isa = PBXBuildFile; fileRef = 6484A6591C74675F004909CB /* Main.storyboard */; };
		6484A65D1C74675F004909CB /* Assets.xcassets in Resources */ = {isa = PBXBuildFile; fileRef = 6484A65C1C74675F004909CB /* Assets.xcassets */; };
		6484A6601C74675F004909CB /* LaunchScreen.storyboard in Resources */ = {isa = PBXBuildFile; fileRef = 6484A65E1C74675F004909CB /* LaunchScreen.storyboard */; };
		6484A66B1C74675F004909CB /* LYcustomerKeyboardTests.m in Sources */ = {isa = PBXBuildFile; fileRef = 6484A66A1C74675F004909CB /* LYcustomerKeyboardTests.m */; };
		6484A6761C74675F004909CB /* LYcustomerKeyboardUITests.m in Sources */ = {isa = PBXBuildFile; fileRef = 6484A6751C74675F004909CB /* LYcustomerKeyboardUITests.m */; };
		6484A6851C74680F004909CB /* DialViewController.m in Sources */ = {isa = PBXBuildFile; fileRef = 6484A6841C74680F004909CB /* DialViewController.m */; };
		6484A6881C74687F004909CB /* LYcustomerMethod.m in Sources */ = {isa = PBXBuildFile; fileRef = 6484A6871C74687F004909CB /* LYcustomerMethod.m */; };
/* End PBXBuildFile section */

/* Begin PBXContainerItemProxy section */
		6484A6671C74675F004909CB /* PBXContainerItemProxy */ = {
			isa = PBXContainerItemProxy;
			containerPortal = 6484A6451C74675F004909CB /* Project object */;
			proxyType = 1;
			remoteGlobalIDString = 6484A64C1C74675F004909CB;
			remoteInfo = LYcustomerKeyboard;
		};
		6484A6721C74675F004909CB /* PBXContainerItemProxy */ = {
			isa = PBXContainerItemProxy;
			containerPortal = 6484A6451C74675F004909CB /* Project object */;
			proxyType = 1;
			remoteGlobalIDString = 6484A64C1C74675F004909CB;
			remoteInfo = LYcustomerKeyboard;
		};
/* End PBXContainerItemProxy section */

/* Begin PBXFileReference section */
		6484A64D1C74675F004909CB /* LYcustomerKeyboard.app */ = {isa = PBXFileReference; explicitFileType = wrapper.application; includeInIndex = 0; path = LYcustomerKeyboard.app; sourceTree = BUILT_PRODUCTS_DIR; };
		6484A6511C74675F004909CB /* main.m */ = {isa = PBXFileReference; lastKnownFileType = sourcecode.c.objc; path = main.m; sourceTree = "<group>"; };
		6484A6531C74675F004909CB /* AppDelegate.h */ = {isa = PBXFileReference; lastKnownFileType = sourcecode.c.h; path = AppDelegate.h; sourceTree = "<group>"; };
		6484A6541C74675F004909CB /* AppDelegate.m */ = {isa = PBXFileReference; lastKnownFileType = sourcecode.c.objc; path = AppDelegate.m; sourceTree = "<group>"; };
		6484A6561C74675F004909CB /* ViewController.h */ = {isa = PBXFileReference; lastKnownFileType = sourcecode.c.h; path = ViewController.h; sourceTree = "<group>"; };
		6484A6571C74675F004909CB /* ViewController.m */ = {isa = PBXFileReference; lastKnownFileType = sourcecode.c.objc; path = ViewController.m; sourceTree = "<group>"; };
		6484A65A1C74675F004909CB /* Base */ = {isa = PBXFileReference; lastKnownFileType = file.storyboard; name = Base; path = Base.lproj/Main.storyboard; sourceTree = "<group>"; };
		6484A65C1C74675F004909CB /* Assets.xcassets */ = {isa = PBXFileReference; lastKnownFileType = folder.assetcatalog; path = Assets.xcassets; sourceTree = "<group>"; };
		6484A65F1C74675F004909CB /* Base */ = {isa = PBXFileReference; lastKnownFileType = file.storyboard; name = Base; path = Base.lproj/LaunchScreen.storyboard; sourceTree = "<group>"; };
		6484A6611C74675F004909CB /* Info.plist */ = {isa = PBXFileReference; lastKnownFileType = text.plist.xml; path = Info.plist; sourceTree = "<group>"; };
		6484A6661C74675F004909CB /* LYcustomerKeyboardTests.xctest */ = {isa = PBXFileReference; explicitFileType = wrapper.cfbundle; includeInIndex = 0; path = LYcustomerKeyboardTests.xctest; sourceTree = BUILT_PRODUCTS_DIR; };
		6484A66A1C74675F004909CB /* LYcustomerKeyboardTests.m */ = {isa = PBXFileReference; lastKnownFileType = sourcecode.c.objc; path = LYcustomerKeyboardTests.m; sourceTree = "<group>"; };
		6484A66C1C74675F004909CB /* Info.plist */ = {isa = PBXFileReference; lastKnownFileType = text.plist.xml; path = Info.plist; sourceTree = "<group>"; };
		6484A6711C74675F004909CB /* LYcustomerKeyboardUITests.xctest */ = {isa = PBXFileReference; explicitFileType = wrapper.cfbundle; includeInIndex = 0; path = LYcustomerKeyboardUITests.xctest; sourceTree = BUILT_PRODUCTS_DIR; };
		6484A6751C74675F004909CB /* LYcustomerKeyboardUITests.m */ = {isa = PBXFileReference; lastKnownFileType = sourcecode.c.objc; path = LYcustomerKeyboardUITests.m; sourceTree = "<group>"; };
		6484A6771C74675F004909CB /* Info.plist */ = {isa = PBXFileReference; lastKnownFileType = text.plist.xml; path = Info.plist; sourceTree = "<group>"; };
		6484A6831C74680F004909CB /* DialViewController.h */ = {isa = PBXFileReference; fileEncoding = 4; lastKnownFileType = sourcecode.c.h; name = DialViewController.h; path = "../../../归档/DialViewController.h"; sourceTree = "<group>"; };
		6484A6841C74680F004909CB /* DialViewController.m */ = {isa = PBXFileReference; fileEncoding = 4; lastKnownFileType = sourcecode.c.objc; name = DialViewController.m; path = "../../../归档/DialViewController.m"; sourceTree = "<group>"; };
		6484A6861C74687F004909CB /* LYcustomerMethod.h */ = {isa = PBXFileReference; fileEncoding = 4; lastKnownFileType = sourcecode.c.h; path = LYcustomerMethod.h; sourceTree = "<group>"; };
		6484A6871C74687F004909CB /* LYcustomerMethod.m */ = {isa = PBXFileReference; fileEncoding = 4; lastKnownFileType = sourcecode.c.objc; path = LYcustomerMethod.m; sourceTree = "<group>"; };
/* End PBXFileReference section */

/* Begin PBXFrameworksBuildPhase section */
		6484A64A1C74675F004909CB /* Frameworks */ = {
			isa = PBXFrameworksBuildPhase;
			buildActionMask = 2147483647;
			files = (
			);
			runOnlyForDeploymentPostprocessing = 0;
		};
		6484A6631C74675F004909CB /* Frameworks */ = {
			isa = PBXFrameworksBuildPhase;
			buildActionMask = 2147483647;
			files = (
			);
			runOnlyForDeploymentPostprocessing = 0;
		};
		6484A66E1C74675F004909CB /* Frameworks */ = {
			isa = PBXFrameworksBuildPhase;
			buildActionMask = 2147483647;
			files = (
			);
			runOnlyForDeploymentPostprocessing = 0;
		};
/* End PBXFrameworksBuildPhase section */

/* Begin PBXGroup section */
		6484A6441C74675F004909CB = {
			isa = PBXGroup;
			children = (
				6484A64F1C74675F004909CB /* LYcustomerKeyboard */,
				6484A6691C74675F004909CB /* LYcustomerKeyboardTests */,
				6484A6741C74675F004909CB /* LYcustomerKeyboardUITests */,
				6484A64E1C74675F004909CB /* Products */,
			);
			sourceTree = "<group>";
		};
		6484A64E1C74675F004909CB /* Products */ = {
			isa = PBXGroup;
			children = (
				6484A64D1C74675F004909CB /* LYcustomerKeyboard.app */,
				6484A6661C74675F004909CB /* LYcustomerKeyboardTests.xctest */,
				6484A6711C74675F004909CB /* LYcustomerKeyboardUITests.xctest */,
			);
			name = Products;
			sourceTree = "<group>";
		};
		6484A64F1C74675F004909CB /* LYcustomerKeyboard */ = {
			isa = PBXGroup;
			children = (
				6484A6831C74680F004909CB /* DialViewController.h */,
				6484A6841C74680F004909CB /* DialViewController.m */,
				6484A6531C74675F004909CB /* AppDelegate.h */,
				6484A6541C74675F004909CB /* AppDelegate.m */,
				6484A6561C74675F004909CB /* ViewController.h */,
				6484A6571C74675F004909CB /* ViewController.m */,
				6484A6591C74675F004909CB /* Main.storyboard */,
				6484A65C1C74675F004909CB /* Assets.xcassets */,
				6484A65E1C74675F004909CB /* LaunchScreen.storyboard */,
				6484A6611C74675F004909CB /* Info.plist */,
				6484A6501C74675F004909CB /* Supporting Files */,
				6484A6861C74687F004909CB /* LYcustomerMethod.h */,
				6484A6871C74687F004909CB /* LYcustomerMethod.m */,
			);
			path = LYcustomerKeyboard;
			sourceTree = "<group>";
		};
		6484A6501C74675F004909CB /* Supporting Files */ = {
			isa = PBXGroup;
			children = (
				6484A6511C74675F004909CB /* main.m */,
			);
			name = "Supporting Files";
			sourceTree = "<group>";
		};
		6484A6691C74675F004909CB /* LYcustomerKeyboardTests */ = {
			isa = PBXGroup;
			children = (
				6484A66A1C74675F004909CB /* LYcustomerKeyboardTests.m */,
				6484A66C1C74675F004909CB /* Info.plist */,
			);
			path = LYcustomerKeyboardTests;
			sourceTree = "<group>";
		};
		6484A6741C74675F004909CB /* LYcustomerKeyboardUITests */ = {
			isa = PBXGroup;
			children = (
				6484A6751C74675F004909CB /* LYcustomerKeyboardUITests.m */,
				6484A6771C74675F004909CB /* Info.plist */,
			);
			path = LYcustomerKeyboardUITests;
			sourceTree = "<group>";
		};
/* End PBXGroup section */

/* Begin PBXNativeTarget section */
		6484A64C1C74675F004909CB /* LYcustomerKeyboard */ = {
			isa = PBXNativeTarget;
			buildConfigurationList = 6484A67A1C74675F004909CB /* Build configuration list for PBXNativeTarget "LYcustomerKeyboard" */;
			buildPhases = (
				6484A6491C74675F004909CB /* Sources */,
				6484A64A1C74675F004909CB /* Frameworks */,
				6484A64B1C74675F004909CB /* Resources */,
			);
			buildRules = (
			);
			dependencies = (
			);
			name = LYcustomerKeyboard;
			productName = LYcustomerKeyboard;
			productReference = 6484A64D1C74675F004909CB /* LYcustomerKeyboard.app */;
			productType = "com.apple.product-type.application";
		};
		6484A6651C74675F004909CB /* LYcustomerKeyboardTests */ = {
			isa = PBXNativeTarget;
			buildConfigurationList = 6484A67D1C74675F004909CB /* Build configuration list for PBXNativeTarget "LYcustomerKeyboardTests" */;
			buildPhases = (
				6484A6621C74675F004909CB /* Sources */,
				6484A6631C74675F004909CB /* Frameworks */,
				6484A6641C74675F004909CB /* Resources */,
			);
			buildRules = (
			);
			dependencies = (
				6484A6681C74675F004909CB /* PBXTargetDependency */,
			);
			name = LYcustomerKeyboardTests;
			productName = LYcustomerKeyboardTests;
			productReference = 6484A6661C74675F004909CB /* LYcustomerKeyboardTests.xctest */;
			productType = "com.apple.product-type.bundle.unit-test";
		};
		6484A6701C74675F004909CB /* LYcustomerKeyboardUITests */ = {
			isa = PBXNativeTarget;
			buildConfigurationList = 6484A6801C74675F004909CB /* Build configuration list for PBXNativeTarget "LYcustomerKeyboardUITests" */;
			buildPhases = (
				6484A66D1C74675F004909CB /* Sources */,
				6484A66E1C74675F004909CB /* Frameworks */,
				6484A66F1C74675F004909CB /* Resources */,
			);
			buildRules = (
			);
			dependencies = (
				6484A6731C74675F004909CB /* PBXTargetDependency */,
			);
			name = LYcustomerKeyboardUITests;
			productName = LYcustomerKeyboardUITests;
			productReference = 6484A6711C74675F004909CB /* LYcustomerKeyboardUITests.xctest */;
			productType = "com.apple.product-type.bundle.ui-testing";
		};
/* End PBXNativeTarget section */

/* Begin PBXProject section */
		6484A6451C74675F004909CB /* Project object */ = {
			isa = PBXProject;
			attributes = {
				LastUpgradeCheck = 0720;
				ORGANIZATIONNAME = vidmt;
				TargetAttributes = {
					6484A64C1C74675F004909CB = {
						CreatedOnToolsVersion = 7.2;
					};
					6484A6651C74675F004909CB = {
						CreatedOnToolsVersion = 7.2;
						TestTargetID = 6484A64C1C74675F004909CB;
					};
					6484A6701C74675F004909CB = {
						CreatedOnToolsVersion = 7.2;
						TestTargetID = 6484A64C1C74675F004909CB;
					};
				};
			};
			buildConfigurationList = 6484A6481C74675F004909CB /* Build configuration list for PBXProject "LYcustomerKeyboard" */;
			compatibilityVersion = "Xcode 3.2";
			developmentRegion = English;
			hasScannedForEncodings = 0;
			knownRegions = (
				en,
				Base,
			);
			mainGroup = 6484A6441C74675F004909CB;
			productRefGroup = 6484A64E1C74675F004909CB /* Products */;
			projectDirPath = "";
			projectRoot = "";
			targets = (
				6484A64C1C74675F004909CB /* LYcustomerKeyboard */,
				6484A6651C74675F004909CB /* LYcustomerKeyboardTests */,
				6484A6701C74675F004909CB /* LYcustomerKeyboardUITests */,
			);
		};
/* End PBXProject section */

/* Begin PBXResourcesBuildPhase section */
		6484A64B1C74675F004909CB /* Resources */ = {
			isa = PBXResourcesBuildPhase;
			buildActionMask = 2147483647;
			files = (
				6484A6601C74675F004909CB /* LaunchScreen.storyboard in Resources */,
				6484A65D1C74675F004909CB /* Assets.xcassets in Resources */,
				6484A65B1C74675F004909CB /* Main.storyboard in Resources */,
			);
			runOnlyForDeploymentPostprocessing = 0;
		};
		6484A6641C74675F004909CB /* Resources */ = {
			isa = PBXResourcesBuildPhase;
			buildActionMask = 2147483647;
			files = (
			);
			runOnlyForDeploymentPostprocessing = 0;
		};
		6484A66F1C74675F004909CB /* Resources */ = {
			isa = PBXResourcesBuildPhase;
			buildActionMask = 2147483647;
			files = (
			);
			runOnlyForDeploymentPostprocessing = 0;
		};
/* End PBXResourcesBuildPhase section */

/* Begin PBXSourcesBuildPhase section */
		6484A6491C74675F004909CB /* Sources */ = {
			isa = PBXSourcesBuildPhase;
			buildActionMask = 2147483647;
			files = (
				6484A6881C74687F004909CB /* LYcustomerMethod.m in Sources */,
				6484A6851C74680F004909CB /* DialViewController.m in Sources */,
				6484A6581C74675F004909CB /* ViewController.m in Sources */,
				6484A6551C74675F004909CB /* AppDelegate.m in Sources */,
				6484A6521C74675F004909CB /* main.m in Sources */,
			);
			runOnlyForDeploymentPostprocessing = 0;
		};
		6484A6621C74675F004909CB /* Sources */ = {
			isa = PBXSourcesBuildPhase;
			buildActionMask = 2147483647;
			files = (
				6484A66B1C74675F004909CB /* LYcustomerKeyboardTests.m in Sources */,
			);
			runOnlyForDeploymentPostprocessing = 0;
		};
		6484A66D1C74675F004909CB /* Sources */ = {
			isa = PBXSourcesBuildPhase;
			buildActionMask = 2147483647;
			files = (
				6484A6761C74675F004909CB /* LYcustomerKeyboardUITests.m in Sources */,
			);
			runOnlyForDeploymentPostprocessing = 0;
		};
/* End PBXSourcesBuildPhase section */

/* Begin PBXTargetDependency section */
		6484A6681C74675F004909CB /* PBXTargetDependency */ = {
			isa = PBXTargetDependency;
			target = 6484A64C1C74675F004909CB /* LYcustomerKeyboard */;
			targetProxy = 6484A6671C74675F004909CB /* PBXContainerItemProxy */;
		};
		6484A6731C74675F004909CB /* PBXTargetDependency */ = {
			isa = PBXTargetDependency;
			target = 6484A64C1C74675F004909CB /* LYcustomerKeyboard */;
			targetProxy = 6484A6721C74675F004909CB /* PBXContainerItemProxy */;
		};
/* End PBXTargetDependency section */

/* Begin PBXVariantGroup section */
		6484A6591C74675F004909CB /* Main.storyboard */ = {
			isa = PBXVariantGroup;
			children = (
				6484A65A1C74675F004909CB /* Base */,
			);
			name = Main.storyboard;
			sourceTree = "<group>";
		};
		6484A65E1C74675F004909CB /* LaunchScreen.storyboard */ = {
			isa = PBXVariantGroup;
			children = (
				6484A65F1C74675F004909CB /* Base */,
			);
			name = LaunchScreen.storyboard;
			sourceTree = "<group>";
		};
/* End PBXVariantGroup section */

/* Begin XCBuildConfiguration section */
		6484A6781C74675F004909CB /* Debug */ = {
			isa = XCBuildConfiguration;
			buildSettings = {
				ALWAYS_SEARCH_USER_PATHS = NO;
				CLANG_CXX_LANGUAGE_STANDARD = "gnu++0x";
				CLANG_CXX_LIBRARY = "libc++";
				CLANG_ENABLE_MODULES = YES;
				CLANG_ENABLE_OBJC_ARC = YES;
				CLANG_WARN_BOOL_CONVERSION = YES;
				CLANG_WARN_CONSTANT_CONVERSION = YES;
				CLANG_WARN_DIRECT_OBJC_ISA_USAGE = YES_ERROR;
				CLANG_WARN_EMPTY_BODY = YES;
				CLANG_WARN_ENUM_CONVERSION = YES;
				CLANG_WARN_INT_CONVERSION = YES;
				CLANG_WARN_OBJC_ROOT_CLASS = YES_ERROR;
				CLANG_WARN_UNREACHABLE_CODE = YES;
				CLANG_WARN__DUPLICATE_METHOD_MATCH = YES;
				"CODE_SIGN_IDENTITY[sdk=iphoneos*]" = "iPhone Developer";
				COPY_PHASE_STRIP = NO;
				DEBUG_INFORMATION_FORMAT = dwarf;
				ENABLE_STRICT_OBJC_MSGSEND = YES;
				ENABLE_TESTABILITY = YES;
				GCC_C_LANGUAGE_STANDARD = gnu99;
				GCC_DYNAMIC_NO_PIC = NO;
				GCC_NO_COMMON_BLOCKS = YES;
				GCC_OPTIMIZATION_LEVEL = 0;
				GCC_PREPROCESSOR_DEFINITIONS = (
					"DEBUG=1",
					"$(inherited)",
				);
				GCC_WARN_64_TO_32_BIT_CONVERSION = YES;
				GCC_WARN_ABOUT_RETURN_TYPE = YES_ERROR;
				GCC_WARN_UNDECLARED_SELECTOR = YES;
				GCC_WARN_UNINITIALIZED_AUTOS = YES_AGGRESSIVE;
				GCC_WARN_UNUSED_FUNCTION = YES;
				GCC_WARN_UNUSED_VARIABLE = YES;
				IPHONEOS_DEPLOYMENT_TARGET = 9.2;
				MTL_ENABLE_DEBUG_INFO = YES;
				ONLY_ACTIVE_ARCH = YES;
				SDKROOT = iphoneos;
			};
			name = Debug;
		};
		6484A6791C74675F004909CB /* Release */ = {
			isa = XCBuildConfiguration;
			buildSettings = {
				ALWAYS_SEARCH_USER_PATHS = NO;
				CLANG_CXX_LANGUAGE_STANDARD = "gnu++0x";
				CLANG_CXX_LIBRARY = "libc++";
				CLANG_ENABLE_MODULES = YES;
				CLANG_ENABLE_OBJC_ARC = YES;
				CLANG_WARN_BOOL_CONVERSION = YES;
				CLANG_WARN_CONSTANT_CONVERSION = YES;
				CLANG_WARN_DIRECT_OBJC_ISA_USAGE = YES_ERROR;
				CLANG_WARN_EMPTY_BODY = YES;
				CLANG_WARN_ENUM_CONVERSION = YES;
				CLANG_WARN_INT_CONVERSION = YES;
				CLANG_WARN_OBJC_ROOT_CLASS = YES_ERROR;
				CLANG_WARN_UNREACHABLE_CODE = YES;
				CLANG_WARN__DUPLICATE_METHOD_MATCH = YES;
				"CODE_SIGN_IDENTITY[sdk=iphoneos*]" = "iPhone Developer";
				COPY_PHASE_STRIP = NO;
				DEBUG_INFORMATION_FORMAT = "dwarf-with-dsym";
				ENABLE_NS_ASSERTIONS = NO;
				ENABLE_STRICT_OBJC_MSGSEND = YES;
				GCC_C_LANGUAGE_STANDARD = gnu99;
				GCC_NO_COMMON_BLOCKS = YES;
				GCC_WARN_64_TO_32_BIT_CONVERSION = YES;
				GCC_WARN_ABOUT_RETURN_TYPE = YES_ERROR;
				GCC_WARN_UNDECLARED_SELECTOR = YES;
				GCC_WARN_UNINITIALIZED_AUTOS = YES_AGGRESSIVE;
				GCC_WARN_UNUSED_FUNCTION = YES;
				GCC_WARN_UNUSED_VARIABLE = YES;
				IPHONEOS_DEPLOYMENT_TARGET = 9.2;
				MTL_ENABLE_DEBUG_INFO = NO;
				SDKROOT = iphoneos;
				VALIDATE_PRODUCT = YES;
			};
			name = Release;
		};
		6484A67B1C74675F004909CB /* Debug */ = {
			isa = XCBuildConfiguration;
			buildSettings = {
				ASSETCATALOG_COMPILER_APPICON_NAME = AppIcon;
				INFOPLIST_FILE = LYcustomerKeyboard/Info.plist;
				LD_RUNPATH_SEARCH_PATHS = "$(inherited) @executable_path/Frameworks";
				PRODUCT_BUNDLE_IDENTIFIER = vidmt.LYcustomerKeyboard;
				PRODUCT_NAME = "$(TARGET_NAME)";
			};
			name = Debug;
		};
		6484A67C1C74675F004909CB /* Release */ = {
			isa = XCBuildConfiguration;
			buildSettings = {
				ASSETCATALOG_COMPILER_APPICON_NAME = AppIcon;
				INFOPLIST_FILE = LYcustomerKeyboard/Info.plist;
				LD_RUNPATH_SEARCH_PATHS = "$(inherited) @executable_path/Frameworks";
				PRODUCT_BUNDLE_IDENTIFIER = vidmt.LYcustomerKeyboard;
				PRODUCT_NAME = "$(TARGET_NAME)";
			};
			name = Release;
		};
		6484A67E1C74675F004909CB /* Debug */ = {
			isa = XCBuildConfiguration;
			buildSettings = {
				BUNDLE_LOADER = "$(TEST_HOST)";
				INFOPLIST_FILE = LYcustomerKeyboardTests/Info.plist;
				LD_RUNPATH_SEARCH_PATHS = "$(inherited) @executable_path/Frameworks @loader_path/Frameworks";
				PRODUCT_BUNDLE_IDENTIFIER = vidmt.LYcustomerKeyboardTests;
				PRODUCT_NAME = "$(TARGET_NAME)";
				TEST_HOST = "$(BUILT_PRODUCTS_DIR)/LYcustomerKeyboard.app/LYcustomerKeyboard";
			};
			name = Debug;
		};
		6484A67F1C74675F004909CB /* Release */ = {
			isa = XCBuildConfiguration;
			buildSettings = {
				BUNDLE_LOADER = "$(TEST_HOST)";
				INFOPLIST_FILE = LYcustomerKeyboardTests/Info.plist;
				LD_RUNPATH_SEARCH_PATHS = "$(inherited) @executable_path/Frameworks @loader_path/Frameworks";
				PRODUCT_BUNDLE_IDENTIFIER = vidmt.LYcustomerKeyboardTests;
				PRODUCT_NAME = "$(TARGET_NAME)";
				TEST_HOST = "$(BUILT_PRODUCTS_DIR)/LYcustomerKeyboard.app/LYcustomerKeyboard";
			};
			name = Release;
		};
		6484A6811C74675F004909CB /* Debug */ = {
			isa = XCBuildConfiguration;
			buildSettings = {
				INFOPLIST_FILE = LYcustomerKeyboardUITests/Info.plist;
				LD_RUNPATH_SEARCH_PATHS = "$(inherited) @executable_path/Frameworks @loader_path/Frameworks";
				PRODUCT_BUNDLE_IDENTIFIER = vidmt.LYcustomerKeyboardUITests;
				PRODUCT_NAME = "$(TARGET_NAME)";
				TEST_TARGET_NAME = LYcustomerKeyboard;
				USES_XCTRUNNER = YES;
			};
			name = Debug;
		};
		6484A6821C74675F004909CB /* Release */ = {
			isa = XCBuildConfiguration;
			buildSettings = {
				INFOPLIST_FILE = LYcustomerKeyboardUITests/Info.plist;
				LD_RUNPATH_SEARCH_PATHS = "$(inherited) @executable_path/Frameworks @loader_path/Frameworks";
				PRODUCT_BUNDLE_IDENTIFIER = vidmt.LYcustomerKeyboardUITests;
				PRODUCT_NAME = "$(TARGET_NAME)";
				TEST_TARGET_NAME = LYcustomerKeyboard;
				USES_XCTRUNNER = YES;
			};
			name = Release;
		};
/* End XCBuildConfiguration section */

/* Begin XCConfigurationList section */
		6484A6481C74675F004909CB /* Build configuration list for PBXProject "LYcustomerKeyboard" */ = {
			isa = XCConfigurationList;
			buildConfigurations = (
				6484A6781C74675F004909CB /* Debug */,
				6484A6791C74675F004909CB /* Release */,
			);
			defaultConfigurationIsVisible = 0;
			defaultConfigurationName = Release;
		};
		6484A67A1C74675F004909CB /* Build configuration list for PBXNativeTarget "LYcustomerKeyboard" */ = {
			isa = XCConfigurationList;
			buildConfigurations = (
				6484A67B1C74675F004909CB /* Debug */,
				6484A67C1C74675F004909CB /* Release */,
			);
			defaultConfigurationIsVisible = 0;
		};
		6484A67D1C74675F004909CB /* Build configuration list for PBXNativeTarget "LYcustomerKeyboardTests" */ = {
			isa = XCConfigurationList;
			buildConfigurations = (
				6484A67E1C74675F004909CB /* Debug */,
				6484A67F1C74675F004909CB /* Release */,
			);
			defaultConfigurationIsVisible = 0;
		};
		6484A6801C74675F004909CB /* Build configuration list for PBXNativeTarget "LYcustomerKeyboardUITests" */ = {
			isa = XCConfigurationList;
			buildConfigurations = (
				6484A6811C74675F004909CB /* Debug */,
				6484A6821C74675F004909CB /* Release */,
			);
			defaultConfigurationIsVisible = 0;
		};
/* End XCConfigurationList section */
	};
	rootObject = 6484A6451C74675F004909CB /* Project object */;
}
